
Microsoft Visual Studio Solution File, Format Version 12.00
# Visual Studio Version 16
VisualStudioVersion = 16.0.31313.79
MinimumVisualStudioVersion = 10.0.40219.1
Project("{FAE04EC0-301F-11D3-BF4B-00C04F79EFBC}") = "Boss.az", "Boss.az\Boss.az.csproj", "{C18B9319-5BA1-47F7-AD19-CB0E27553425}"
EndProject
Global
	GlobalSection(SolutionConfigurationPlatforms) = preSolution
		Debug|Any CPU = Debug|Any CPU
		Release|Any CPU = Release|Any CPU
	EndGlobalSection
	GlobalSection(ProjectConfigurationPlatforms) = postSolution
		{C18B9319-5BA1-47F7-AD19-CB0E27553425}.Debug|Any CPU.ActiveCfg = Debug|Any CPU
		{C18B9319-5BA1-47F7-AD19-CB0E27553425}.Debug|Any CPU.Build.0 = Debug|Any CPU
		{C18B9319-5BA1-47F7-AD19-CB0E27553425}.Release|Any CPU.ActiveCfg = Release|Any CPU
		{C18B9319-5BA1-47F7-AD19-CB0E27553425}.Release|Any CPU.Build.0 = Release|Any CPU
	EndGlobalSection
	GlobalSection(SolutionProperties) = preSolution
		HideSolutionNode = FALSE
	EndGlobalSection
	GlobalSection(ExtensibilityGlobals) = postSolution
		SolutionGuid = {ED6BEE97-D6AA-48A1-B069-B4493C1ADEE0}
	EndGlobalSection
EndGlobal
